
Microsoft Visual Studio Solution File, Format Version 12.00
# Visual Studio Version 16
VisualStudioVersion = 16.0.29613.14
MinimumVisualStudioVersion = 15.0.26124.0
Project("{9A19103F-16F7-4668-BE54-9A1E7A4F7556}") = "Daktyl.Core", "Daktyl.Core\Daktyl.Core.csproj", "{052F8860-22FC-4821-9C16-E707CEEA2981}"
EndProject
Project("{9A19103F-16F7-4668-BE54-9A1E7A4F7556}") = "Daktyl.Core.Tests", "Daktyl.Core.Tests\Daktyl.Core.Tests.csproj", "{2034CC3F-A3C6-4D7C-9BBB-00F857EEE5A2}"
EndProject
Project("{9A19103F-16F7-4668-BE54-9A1E7A4F7556}") = "BassWrapper", "BassWrapper\BassWrapper.csproj", "{7F12D8E8-78F0-4095-94D4-A5AA538BD66A}"
EndProject
Project("{9A19103F-16F7-4668-BE54-9A1E7A4F7556}") = "Daktyl.Desktop", "Daktyl.Desktop\Daktyl.Desktop.csproj", "{A93F3640-434E-4726-BBD5-222D3759CC54}"
EndProject
Project("{FAE04EC0-301F-11D3-BF4B-00C04F79EFBC}") = "Daktyl.Mobile.Android", "Daktyl.Mobile\Daktyl.Mobile.Android\Daktyl.Mobile.Android.csproj", "{EBF44D66-115B-4BBE-809D-ABF1DDCFCF75}"
EndProject
Project("{FAE04EC0-301F-11D3-BF4B-00C04F79EFBC}") = "Daktyl.Mobile.iOS", "Daktyl.Mobile\Daktyl.Mobile.iOS\Daktyl.Mobile.iOS.csproj", "{5D74F424-60BA-4114-9BB1-654AA62A5AD2}"
EndProject
Project("{FAE04EC0-301F-11D3-BF4B-00C04F79EFBC}") = "Daktyl.Mobile", "Daktyl.Mobile\Daktyl.Mobile\Daktyl.Mobile.csproj", "{A827F65B-0885-4D39-8B66-9BB61BA360F8}"
EndProject
Global
	GlobalSection(SolutionConfigurationPlatforms) = preSolution
		Debug|Any CPU = Debug|Any CPU
		Debug|iPhone = Debug|iPhone
		Debug|iPhoneSimulator = Debug|iPhoneSimulator
		Debug|x64 = Debug|x64
		Debug|x86 = Debug|x86
		Release|Any CPU = Release|Any CPU
		Release|iPhone = Release|iPhone
		Release|iPhoneSimulator = Release|iPhoneSimulator
		Release|x64 = Release|x64
		Release|x86 = Release|x86
	EndGlobalSection
	GlobalSection(ProjectConfigurationPlatforms) = postSolution
		{052F8860-22FC-4821-9C16-E707CEEA2981}.Debug|Any CPU.ActiveCfg = Debug|Any CPU
		{052F8860-22FC-4821-9C16-E707CEEA2981}.Debug|Any CPU.Build.0 = Debug|Any CPU
		{052F8860-22FC-4821-9C16-E707CEEA2981}.Debug|iPhone.ActiveCfg = Debug|Any CPU
		{052F8860-22FC-4821-9C16-E707CEEA2981}.Debug|iPhone.Build.0 = Debug|Any CPU
		{052F8860-22FC-4821-9C16-E707CEEA2981}.Debug|iPhoneSimulator.ActiveCfg = Debug|Any CPU
		{052F8860-22FC-4821-9C16-E707CEEA2981}.Debug|iPhoneSimulator.Build.0 = Debug|Any CPU
		{052F8860-22FC-4821-9C16-E707CEEA2981}.Debug|x64.ActiveCfg = Debug|Any CPU
		{052F8860-22FC-4821-9C16-E707CEEA2981}.Debug|x64.Build.0 = Debug|Any CPU
		{052F8860-22FC-4821-9C16-E707CEEA2981}.Debug|x86.ActiveCfg = Debug|Any CPU
		{052F8860-22FC-4821-9C16-E707CEEA2981}.Debug|x86.Build.0 = Debug|Any CPU
		{052F8860-22FC-4821-9C16-E707CEEA2981}.Release|Any CPU.ActiveCfg = Release|Any CPU
		{052F8860-22FC-4821-9C16-E707CEEA2981}.Release|Any CPU.Build.0 = Release|Any CPU
		{052F8860-22FC-4821-9C16-E707CEEA2981}.Release|iPhone.ActiveCfg = Release|Any CPU
		{052F8860-22FC-4821-9C16-E707CEEA2981}.Release|iPhone.Build.0 = Release|Any CPU
		{052F8860-22FC-4821-9C16-E707CEEA2981}.Release|iPhoneSimulator.ActiveCfg = Release|Any CPU
		{052F8860-22FC-4821-9C16-E707CEEA2981}.Release|iPhoneSimulator.Build.0 = Release|Any CPU
		{052F8860-22FC-4821-9C16-E707CEEA2981}.Release|x64.ActiveCfg = Release|Any CPU
		{052F8860-22FC-4821-9C16-E707CEEA2981}.Release|x64.Build.0 = Release|Any CPU
		{052F8860-22FC-4821-9C16-E707CEEA2981}.Release|x86.ActiveCfg = Release|Any CPU
		{052F8860-22FC-4821-9C16-E707CEEA2981}.Release|x86.Build.0 = Release|Any CPU
		{2034CC3F-A3C6-4D7C-9BBB-00F857EEE5A2}.Debug|Any CPU.ActiveCfg = Debug|Any CPU
		{2034CC3F-A3C6-4D7C-9BBB-00F857EEE5A2}.Debug|Any CPU.Build.0 = Debug|Any CPU
		{2034CC3F-A3C6-4D7C-9BBB-00F857EEE5A2}.Debug|iPhone.ActiveCfg = Debug|Any CPU
		{2034CC3F-A3C6-4D7C-9BBB-00F857EEE5A2}.Debug|iPhone.Build.0 = Debug|Any CPU
		{2034CC3F-A3C6-4D7C-9BBB-00F857EEE5A2}.Debug|iPhoneSimulator.ActiveCfg = Debug|Any CPU
		{2034CC3F-A3C6-4D7C-9BBB-00F857EEE5A2}.Debug|iPhoneSimulator.Build.0 = Debug|Any CPU
		{2034CC3F-A3C6-4D7C-9BBB-00F857EEE5A2}.Debug|x64.ActiveCfg = Debug|Any CPU
		{2034CC3F-A3C6-4D7C-9BBB-00F857EEE5A2}.Debug|x64.Build.0 = Debug|Any CPU
		{2034CC3F-A3C6-4D7C-9BBB-00F857EEE5A2}.Debug|x86.ActiveCfg = Debug|Any CPU
		{2034CC3F-A3C6-4D7C-9BBB-00F857EEE5A2}.Debug|x86.Build.0 = Debug|Any CPU
		{2034CC3F-A3C6-4D7C-9BBB-00F857EEE5A2}.Release|Any CPU.ActiveCfg = Release|Any CPU
		{2034CC3F-A3C6-4D7C-9BBB-00F857EEE5A2}.Release|Any CPU.Build.0 = Release|Any CPU
		{2034CC3F-A3C6-4D7C-9BBB-00F857EEE5A2}.Release|iPhone.ActiveCfg = Release|Any CPU
		{2034CC3F-A3C6-4D7C-9BBB-00F857EEE5A2}.Release|iPhone.Build.0 = Release|Any CPU
		{2034CC3F-A3C6-4D7C-9BBB-00F857EEE5A2}.Release|iPhoneSimulator.ActiveCfg = Release|Any CPU
		{2034CC3F-A3C6-4D7C-9BBB-00F857EEE5A2}.Release|iPhoneSimulator.Build.0 = Release|Any CPU
		{2034CC3F-A3C6-4D7C-9BBB-00F857EEE5A2}.Release|x64.ActiveCfg = Release|Any CPU
		{2034CC3F-A3C6-4D7C-9BBB-00F857EEE5A2}.Release|x64.Build.0 = Release|Any CPU
		{2034CC3F-A3C6-4D7C-9BBB-00F857EEE5A2}.Release|x86.ActiveCfg = Release|Any CPU
		{2034CC3F-A3C6-4D7C-9BBB-00F857EEE5A2}.Release|x86.Build.0 = Release|Any CPU
		{7F12D8E8-78F0-4095-94D4-A5AA538BD66A}.Debug|Any CPU.ActiveCfg = Debug|Any CPU
		{7F12D8E8-78F0-4095-94D4-A5AA538BD66A}.Debug|Any CPU.Build.0 = Debug|Any CPU
		{7F12D8E8-78F0-4095-94D4-A5AA538BD66A}.Debug|iPhone.ActiveCfg = Debug|Any CPU
		{7F12D8E8-78F0-4095-94D4-A5AA538BD66A}.Debug|iPhone.Build.0 = Debug|Any CPU
		{7F12D8E8-78F0-4095-94D4-A5AA538BD66A}.Debug|iPhoneSimulator.ActiveCfg = Debug|Any CPU
		{7F12D8E8-78F0-4095-94D4-A5AA538BD66A}.Debug|iPhoneSimulator.Build.0 = Debug|Any CPU
		{7F12D8E8-78F0-4095-94D4-A5AA538BD66A}.Debug|x64.ActiveCfg = Debug|Any CPU
		{7F12D8E8-78F0-4095-94D4-A5AA538BD66A}.Debug|x64.Build.0 = Debug|Any CPU
		{7F12D8E8-78F0-4095-94D4-A5AA538BD66A}.Debug|x86.ActiveCfg = Debug|Any CPU
		{7F12D8E8-78F0-4095-94D4-A5AA538BD66A}.Debug|x86.Build.0 = Debug|Any CPU
		{7F12D8E8-78F0-4095-94D4-A5AA538BD66A}.Release|Any CPU.ActiveCfg = Release|Any CPU
		{7F12D8E8-78F0-4095-94D4-A5AA538BD66A}.Release|Any CPU.Build.0 = Release|Any CPU
		{7F12D8E8-78F0-4095-94D4-A5AA538BD66A}.Release|iPhone.ActiveCfg = Release|Any CPU
		{7F12D8E8-78F0-4095-94D4-A5AA538BD66A}.Release|iPhone.Build.0 = Release|Any CPU
		{7F12D8E8-78F0-4095-94D4-A5AA538BD66A}.Release|iPhoneSimulator.ActiveCfg = Release|Any CPU
		{7F12D8E8-78F0-4095-94D4-A5AA538BD66A}.Release|iPhoneSimulator.Build.0 = Release|Any CPU
		{7F12D8E8-78F0-4095-94D4-A5AA538BD66A}.Release|x64.ActiveCfg = Release|Any CPU
		{7F12D8E8-78F0-4095-94D4-A5AA538BD66A}.Release|x64.Build.0 = Release|Any CPU
		{7F12D8E8-78F0-4095-94D4-A5AA538BD66A}.Release|x86.ActiveCfg = Release|Any CPU
		{7F12D8E8-78F0-4095-94D4-A5AA538BD66A}.Release|x86.Build.0 = Release|Any CPU
		{A93F3640-434E-4726-BBD5-222D3759CC54}.Debug|Any CPU.ActiveCfg = Debug|Any CPU
		{A93F3640-434E-4726-BBD5-222D3759CC54}.Debug|Any CPU.Build.0 = Debug|Any CPU
		{A93F3640-434E-4726-BBD5-222D3759CC54}.Debug|iPhone.ActiveCfg = Debug|Any CPU
		{A93F3640-434E-4726-BBD5-222D3759CC54}.Debug|iPhone.Build.0 = Debug|Any CPU
		{A93F3640-434E-4726-BBD5-222D3759CC54}.Debug|iPhoneSimulator.ActiveCfg = Debug|Any CPU
		{A93F3640-434E-4726-BBD5-222D3759CC54}.Debug|iPhoneSimulator.Build.0 = Debug|Any CPU
		{A93F3640-434E-4726-BBD5-222D3759CC54}.Debug|x64.ActiveCfg = Debug|Any CPU
		{A93F3640-434E-4726-BBD5-222D3759CC54}.Debug|x64.Build.0 = Debug|Any CPU
		{A93F3640-434E-4726-BBD5-222D3759CC54}.Debug|x86.ActiveCfg = Debug|Any CPU
		{A93F3640-434E-4726-BBD5-222D3759CC54}.Debug|x86.Build.0 = Debug|Any CPU
		{A93F3640-434E-4726-BBD5-222D3759CC54}.Release|Any CPU.ActiveCfg = Release|Any CPU
		{A93F3640-434E-4726-BBD5-222D3759CC54}.Release|Any CPU.Build.0 = Release|Any CPU
		{A93F3640-434E-4726-BBD5-222D3759CC54}.Release|iPhone.ActiveCfg = Release|Any CPU
		{A93F3640-434E-4726-BBD5-222D3759CC54}.Release|iPhone.Build.0 = Release|Any CPU
		{A93F3640-434E-4726-BBD5-222D3759CC54}.Release|iPhoneSimulator.ActiveCfg = Release|Any CPU
		{A93F3640-434E-4726-BBD5-222D3759CC54}.Release|iPhoneSimulator.Build.0 = Release|Any CPU
		{A93F3640-434E-4726-BBD5-222D3759CC54}.Release|x64.ActiveCfg = Release|Any CPU
		{A93F3640-434E-4726-BBD5-222D3759CC54}.Release|x64.Build.0 = Release|Any CPU
		{A93F3640-434E-4726-BBD5-222D3759CC54}.Release|x86.ActiveCfg = Release|Any CPU
		{A93F3640-434E-4726-BBD5-222D3759CC54}.Release|x86.Build.0 = Release|Any CPU
		{EBF44D66-115B-4BBE-809D-ABF1DDCFCF75}.Debug|Any CPU.ActiveCfg = Debug|Any CPU
		{EBF44D66-115B-4BBE-809D-ABF1DDCFCF75}.Debug|Any CPU.Build.0 = Debug|Any CPU
		{EBF44D66-115B-4BBE-809D-ABF1DDCFCF75}.Debug|Any CPU.Deploy.0 = Debug|Any CPU
		{EBF44D66-115B-4BBE-809D-ABF1DDCFCF75}.Debug|iPhone.ActiveCfg = Debug|Any CPU
		{EBF44D66-115B-4BBE-809D-ABF1DDCFCF75}.Debug|iPhone.Build.0 = Debug|Any CPU
		{EBF44D66-115B-4BBE-809D-ABF1DDCFCF75}.Debug|iPhone.Deploy.0 = Debug|Any CPU
		{EBF44D66-115B-4BBE-809D-ABF1DDCFCF75}.Debug|iPhoneSimulator.ActiveCfg = Debug|Any CPU
		{EBF44D66-115B-4BBE-809D-ABF1DDCFCF75}.Debug|iPhoneSimulator.Build.0 = Debug|Any CPU
		{EBF44D66-115B-4BBE-809D-ABF1DDCFCF75}.Debug|iPhoneSimulator.Deploy.0 = Debug|Any CPU
		{EBF44D66-115B-4BBE-809D-ABF1DDCFCF75}.Debug|x64.ActiveCfg = Debug|Any CPU
		{EBF44D66-115B-4BBE-809D-ABF1DDCFCF75}.Debug|x64.Build.0 = Debug|Any CPU
		{EBF44D66-115B-4BBE-809D-ABF1DDCFCF75}.Debug|x64.Deploy.0 = Debug|Any CPU
		{EBF44D66-115B-4BBE-809D-ABF1DDCFCF75}.Debug|x86.ActiveCfg = Debug|Any CPU
		{EBF44D66-115B-4BBE-809D-ABF1DDCFCF75}.Debug|x86.Build.0 = Debug|Any CPU
		{EBF44D66-115B-4BBE-809D-ABF1DDCFCF75}.Debug|x86.Deploy.0 = Debug|Any CPU
		{EBF44D66-115B-4BBE-809D-ABF1DDCFCF75}.Release|Any CPU.ActiveCfg = Release|Any CPU
		{EBF44D66-115B-4BBE-809D-ABF1DDCFCF75}.Release|Any CPU.Build.0 = Release|Any CPU
		{EBF44D66-115B-4BBE-809D-ABF1DDCFCF75}.Release|Any CPU.Deploy.0 = Release|Any CPU
		{EBF44D66-115B-4BBE-809D-ABF1DDCFCF75}.Release|iPhone.ActiveCfg = Release|Any CPU
		{EBF44D66-115B-4BBE-809D-ABF1DDCFCF75}.Release|iPhone.Build.0 = Release|Any CPU
		{EBF44D66-115B-4BBE-809D-ABF1DDCFCF75}.Release|iPhone.Deploy.0 = Release|Any CPU
		{EBF44D66-115B-4BBE-809D-ABF1DDCFCF75}.Release|iPhoneSimulator.ActiveCfg = Release|Any CPU
		{EBF44D66-115B-4BBE-809D-ABF1DDCFCF75}.Release|iPhoneSimulator.Build.0 = Release|Any CPU
		{EBF44D66-115B-4BBE-809D-ABF1DDCFCF75}.Release|iPhoneSimulator.Deploy.0 = Release|Any CPU
		{EBF44D66-115B-4BBE-809D-ABF1DDCFCF75}.Release|x64.ActiveCfg = Release|Any CPU
		{EBF44D66-115B-4BBE-809D-ABF1DDCFCF75}.Release|x64.Build.0 = Release|Any CPU
		{EBF44D66-115B-4BBE-809D-ABF1DDCFCF75}.Release|x64.Deploy.0 = Release|Any CPU
		{EBF44D66-115B-4BBE-809D-ABF1DDCFCF75}.Release|x86.ActiveCfg = Release|Any CPU
		{EBF44D66-115B-4BBE-809D-ABF1DDCFCF75}.Release|x86.Build.0 = Release|Any CPU
		{EBF44D66-115B-4BBE-809D-ABF1DDCFCF75}.Release|x86.Deploy.0 = Release|Any CPU
		{5D74F424-60BA-4114-9BB1-654AA62A5AD2}.Debug|Any CPU.ActiveCfg = Debug|iPhone
		{5D74F424-60BA-4114-9BB1-654AA62A5AD2}.Debug|iPhone.ActiveCfg = Debug|iPhone
		{5D74F424-60BA-4114-9BB1-654AA62A5AD2}.Debug|iPhone.Build.0 = Debug|iPhone
		{5D74F424-60BA-4114-9BB1-654AA62A5AD2}.Debug|iPhoneSimulator.ActiveCfg = Debug|iPhoneSimulator
		{5D74F424-60BA-4114-9BB1-654AA62A5AD2}.Debug|iPhoneSimulator.Build.0 = Debug|iPhoneSimulator
		{5D74F424-60BA-4114-9BB1-654AA62A5AD2}.Debug|x64.ActiveCfg = Debug|iPhone
		{5D74F424-60BA-4114-9BB1-654AA62A5AD2}.Debug|x86.ActiveCfg = Debug|iPhone
		{5D74F424-60BA-4114-9BB1-654AA62A5AD2}.Release|Any CPU.ActiveCfg = Release|iPhone
		{5D74F424-60BA-4114-9BB1-654AA62A5AD2}.Release|iPhone.ActiveCfg = Release|iPhone
		{5D74F424-60BA-4114-9BB1-654AA62A5AD2}.Release|iPhone.Build.0 = Release|iPhone
		{5D74F424-60BA-4114-9BB1-654AA62A5AD2}.Release|iPhoneSimulator.ActiveCfg = Release|iPhoneSimulator
		{5D74F424-60BA-4114-9BB1-654AA62A5AD2}.Release|iPhoneSimulator.Build.0 = Release|iPhoneSimulator
		{5D74F424-60BA-4114-9BB1-654AA62A5AD2}.Release|x64.ActiveCfg = Release|iPhone
		{5D74F424-60BA-4114-9BB1-654AA62A5AD2}.Release|x86.ActiveCfg = Release|iPhone
		{A827F65B-0885-4D39-8B66-9BB61BA360F8}.Debug|Any CPU.ActiveCfg = Debug|Any CPU
		{A827F65B-0885-4D39-8B66-9BB61BA360F8}.Debug|Any CPU.Build.0 = Debug|Any CPU
		{A827F65B-0885-4D39-8B66-9BB61BA360F8}.Debug|iPhone.ActiveCfg = Debug|Any CPU
		{A827F65B-0885-4D39-8B66-9BB61BA360F8}.Debug|iPhone.Build.0 = Debug|Any CPU
		{A827F65B-0885-4D39-8B66-9BB61BA360F8}.Debug|iPhoneSimulator.ActiveCfg = Debug|Any CPU
		{A827F65B-0885-4D39-8B66-9BB61BA360F8}.Debug|iPhoneSimulator.Build.0 = Debug|Any CPU
		{A827F65B-0885-4D39-8B66-9BB61BA360F8}.Debug|x64.ActiveCfg = Debug|Any CPU
		{A827F65B-0885-4D39-8B66-9BB61BA360F8}.Debug|x64.Build.0 = Debug|Any CPU
		{A827F65B-0885-4D39-8B66-9BB61BA360F8}.Debug|x86.ActiveCfg = Debug|Any CPU
		{A827F65B-0885-4D39-8B66-9BB61BA360F8}.Debug|x86.Build.0 = Debug|Any CPU
		{A827F65B-0885-4D39-8B66-9BB61BA360F8}.Release|Any CPU.ActiveCfg = Release|Any CPU
		{A827F65B-0885-4D39-8B66-9BB61BA360F8}.Release|Any CPU.Build.0 = Release|Any CPU
		{A827F65B-0885-4D39-8B66-9BB61BA360F8}.Release|iPhone.ActiveCfg = Release|Any CPU
		{A827F65B-0885-4D39-8B66-9BB61BA360F8}.Release|iPhone.Build.0 = Release|Any CPU
		{A827F65B-0885-4D39-8B66-9BB61BA360F8}.Release|iPhoneSimulator.ActiveCfg = Release|Any CPU
		{A827F65B-0885-4D39-8B66-9BB61BA360F8}.Release|iPhoneSimulator.Build.0 = Release|Any CPU
		{A827F65B-0885-4D39-8B66-9BB61BA360F8}.Release|x64.ActiveCfg = Release|Any CPU
		{A827F65B-0885-4D39-8B66-9BB61BA360F8}.Release|x64.Build.0 = Release|Any CPU
		{A827F65B-0885-4D39-8B66-9BB61BA360F8}.Release|x86.ActiveCfg = Release|Any CPU
		{A827F65B-0885-4D39-8B66-9BB61BA360F8}.Release|x86.Build.0 = Release|Any CPU
	EndGlobalSection
	GlobalSection(SolutionProperties) = preSolution
		HideSolutionNode = FALSE
	EndGlobalSection
	GlobalSection(ExtensibilityGlobals) = postSolution
		SolutionGuid = {39260328-D558-4700-A43D-E6C48AD82A22}
	EndGlobalSection
EndGlobal
